
Microsoft Visual Studio Solution File, Format Version 12.00
# Visual Studio Version 16
VisualStudioVersion = 16.0.28803.352
MinimumVisualStudioVersion = 10.0.40219.1
Project("{FAE04EC0-301F-11D3-BF4B-00C04F79EFBC}") = "Panacea.Modules.Imprivata", "Panacea.Modules.Imprivata\Panacea.Modules.Imprivata.csproj", "{C2571053-57DC-42AB-BC92-FF9CD0719A5D}"
EndProject
Global
	GlobalSection(SolutionConfigurationPlatforms) = preSolution
		Debug|Any CPU = Debug|Any CPU
		Release|Any CPU = Release|Any CPU
	EndGlobalSection
	GlobalSection(ProjectConfigurationPlatforms) = postSolution
		{C2571053-57DC-42AB-BC92-FF9CD0719A5D}.Debug|Any CPU.ActiveCfg = Debug|Any CPU
		{C2571053-57DC-42AB-BC92-FF9CD0719A5D}.Debug|Any CPU.Build.0 = Debug|Any CPU
		{C2571053-57DC-42AB-BC92-FF9CD0719A5D}.Release|Any CPU.ActiveCfg = Release|Any CPU
		{C2571053-57DC-42AB-BC92-FF9CD0719A5D}.Release|Any CPU.Build.0 = Release|Any CPU
	EndGlobalSection
	GlobalSection(SolutionProperties) = preSolution
		HideSolutionNode = FALSE
	EndGlobalSection
	GlobalSection(ExtensibilityGlobals) = postSolution
		SolutionGuid = {1FC7D588-1E9A-49F8-BDC0-00880BD0E17F}
	EndGlobalSection
EndGlobal
